
Microsoft Visual Studio Solution File, Format Version 12.00
# Visual Studio Version 18
VisualStudioVersion = 18.1.11312.151
MinimumVisualStudioVersion = 10.0.40219.1
Project("{FAE04EC0-301F-11D3-BF4B-00C04F79EFBC}") = "WeightChecking", "WeightChecking\WeightChecking.csproj", "{128A07EE-4022-4DD6-9154-F34229C5F7C0}"
EndProject
Project("{FAE04EC0-301F-11D3-BF4B-00C04F79EFBC}") = "CognexLibrary", "CognexLibrary\CognexLibrary.csproj", "{8EE59516-232A-4A61-982A-F67A7F1360E7}"
EndProject
Project("{FAE04EC0-301F-11D3-BF4B-00C04F79EFBC}") = "CognexLibrary_NETFramework", "CognexLibrary_NETFramework\CognexLibrary_NETFramework.csproj", "{62C3B090-EF4F-46C8-AD2E-2310B148EB3D}"
EndProject
Project("{FAE04EC0-301F-11D3-BF4B-00C04F79EFBC}") = "Snap7Scada.Lib", "..\..\..\..\..\..\..\3.Others\0.Code\202600120_Snap7\Snap7ScadaSolution\Snap7Scada.Core\Snap7Scada.Lib.csproj", "{01AF18DC-98D4-6780-0139-172961A989E7}"
EndProject
Project("{FAE04EC0-301F-11D3-BF4B-00C04F79EFBC}") = "Snap7Scada.WinFormsTest", "..\..\..\..\..\..\..\3.Others\0.Code\202600120_Snap7\Snap7ScadaSolution\Snap7Scada.WinFormsTest\Snap7Scada.WinFormsTest.csproj", "{1940583E-ABAC-DC62-2D7C-CD5244A7B4D6}"
EndProject
Global
	GlobalSection(SolutionConfigurationPlatforms) = preSolution
		Debug|Any CPU = Debug|Any CPU
		Release|Any CPU = Release|Any CPU
	EndGlobalSection
	GlobalSection(ProjectConfigurationPlatforms) = postSolution
		{128A07EE-4022-4DD6-9154-F34229C5F7C0}.Debug|Any CPU.ActiveCfg = Debug|Any CPU
		{128A07EE-4022-4DD6-9154-F34229C5F7C0}.Debug|Any CPU.Build.0 = Debug|Any CPU
		{128A07EE-4022-4DD6-9154-F34229C5F7C0}.Release|Any CPU.ActiveCfg = Release|Any CPU
		{128A07EE-4022-4DD6-9154-F34229C5F7C0}.Release|Any CPU.Build.0 = Release|Any CPU
		{8EE59516-232A-4A61-982A-F67A7F1360E7}.Debug|Any CPU.ActiveCfg = Debug|Any CPU
		{8EE59516-232A-4A61-982A-F67A7F1360E7}.Debug|Any CPU.Build.0 = Debug|Any CPU
		{8EE59516-232A-4A61-982A-F67A7F1360E7}.Release|Any CPU.ActiveCfg = Release|Any CPU
		{8EE59516-232A-4A61-982A-F67A7F1360E7}.Release|Any CPU.Build.0 = Release|Any CPU
		{62C3B090-EF4F-46C8-AD2E-2310B148EB3D}.Debug|Any CPU.ActiveCfg = Debug|Any CPU
		{62C3B090-EF4F-46C8-AD2E-2310B148EB3D}.Debug|Any CPU.Build.0 = Debug|Any CPU
		{62C3B090-EF4F-46C8-AD2E-2310B148EB3D}.Release|Any CPU.ActiveCfg = Release|Any CPU
		{62C3B090-EF4F-46C8-AD2E-2310B148EB3D}.Release|Any CPU.Build.0 = Release|Any CPU
		{01AF18DC-98D4-6780-0139-172961A989E7}.Debug|Any CPU.ActiveCfg = Debug|Any CPU
		{01AF18DC-98D4-6780-0139-172961A989E7}.Debug|Any CPU.Build.0 = Debug|Any CPU
		{01AF18DC-98D4-6780-0139-172961A989E7}.Release|Any CPU.ActiveCfg = Release|Any CPU
		{01AF18DC-98D4-6780-0139-172961A989E7}.Release|Any CPU.Build.0 = Release|Any CPU
		{1940583E-ABAC-DC62-2D7C-CD5244A7B4D6}.Debug|Any CPU.ActiveCfg = Debug|Any CPU
		{1940583E-ABAC-DC62-2D7C-CD5244A7B4D6}.Debug|Any CPU.Build.0 = Debug|Any CPU
		{1940583E-ABAC-DC62-2D7C-CD5244A7B4D6}.Release|Any CPU.ActiveCfg = Release|Any CPU
		{1940583E-ABAC-DC62-2D7C-CD5244A7B4D6}.Release|Any CPU.Build.0 = Release|Any CPU
	EndGlobalSection
	GlobalSection(SolutionProperties) = preSolution
		HideSolutionNode = FALSE
	EndGlobalSection
	GlobalSection(ExtensibilityGlobals) = postSolution
		SolutionGuid = {D0DA10C9-9975-46AF-9F2B-415FCC95DDD4}
	EndGlobalSection
EndGlobal
