
Microsoft Visual Studio Solution File, Format Version 12.00
# Visual Studio Version 17
VisualStudioVersion = 17.12.35707.178
MinimumVisualStudioVersion = 10.0.40219.1
Project("{FAE04EC0-301F-11D3-BF4B-00C04F79EFBC}") = "WeightChecking", "WeightChecking\WeightChecking.csproj", "{128A07EE-4022-4DD6-9154-F34229C5F7C0}"
EndProject
Project("{FAE04EC0-301F-11D3-BF4B-00C04F79EFBC}") = "S7Server", "S7Server\S7Server.csproj", "{6DB8C6C5-4DBF-4897-818D-11561E4D6930}"
EndProject
Project("{FAE04EC0-301F-11D3-BF4B-00C04F79EFBC}") = "S7Client", "S7Client\S7Client.csproj", "{00332B45-EBE5-4A9E-94B3-E6B5B1202EA0}"
EndProject
Project("{FAE04EC0-301F-11D3-BF4B-00C04F79EFBC}") = "ZebraSDKTest", "..\..\..\OtherSourceCode\20230104ZebraSDK\ZebraSDKTest\ZebraSDKTest\ZebraSDKTest.csproj", "{02A4DA74-D385-4A85-BDA7-9AECE3322D23}"
EndProject
Project("{FAE04EC0-301F-11D3-BF4B-00C04F79EFBC}") = "AnserU2_cSharp", "..\AnserU2_DK\AnserU2_cSharp\AnserU2_cSharp.csproj", "{AE748927-C553-41F3-904A-5D488CAE6785}"
EndProject
Project("{FAE04EC0-301F-11D3-BF4B-00C04F79EFBC}") = "PLCPi", "..\..\..\OtherSourceCode\2014PLCPiProject\PLCPiForPC\PLCPi\PLCPi\PLCPi.csproj", "{15DD2F14-1735-4D96-BA90-B57E90BEB545}"
EndProject
Project("{FAE04EC0-301F-11D3-BF4B-00C04F79EFBC}") = "Cognex", "Cognex\Cognex.csproj", "{4BA4EFD7-B65D-4C9C-8B39-85D6157D4CF5}"
EndProject
Project("{FAE04EC0-301F-11D3-BF4B-00C04F79EFBC}") = "CognexLibrary", "CognexLibrary\CognexLibrary.csproj", "{8EE59516-232A-4A61-982A-F67A7F1360E7}"
EndProject
Project("{FAE04EC0-301F-11D3-BF4B-00C04F79EFBC}") = "CognexLibrary_NETFramework", "CognexLibrary_NETFramework\CognexLibrary_NETFramework.csproj", "{62C3B090-EF4F-46C8-AD2E-2310B148EB3D}"
EndProject
Global
	GlobalSection(SolutionConfigurationPlatforms) = preSolution
		Debug|Any CPU = Debug|Any CPU
		Release|Any CPU = Release|Any CPU
	EndGlobalSection
	GlobalSection(ProjectConfigurationPlatforms) = postSolution
		{128A07EE-4022-4DD6-9154-F34229C5F7C0}.Debug|Any CPU.ActiveCfg = Debug|Any CPU
		{128A07EE-4022-4DD6-9154-F34229C5F7C0}.Debug|Any CPU.Build.0 = Debug|Any CPU
		{128A07EE-4022-4DD6-9154-F34229C5F7C0}.Release|Any CPU.ActiveCfg = Release|Any CPU
		{128A07EE-4022-4DD6-9154-F34229C5F7C0}.Release|Any CPU.Build.0 = Release|Any CPU
		{6DB8C6C5-4DBF-4897-818D-11561E4D6930}.Debug|Any CPU.ActiveCfg = Debug|Any CPU
		{6DB8C6C5-4DBF-4897-818D-11561E4D6930}.Debug|Any CPU.Build.0 = Debug|Any CPU
		{6DB8C6C5-4DBF-4897-818D-11561E4D6930}.Release|Any CPU.ActiveCfg = Release|Any CPU
		{6DB8C6C5-4DBF-4897-818D-11561E4D6930}.Release|Any CPU.Build.0 = Release|Any CPU
		{00332B45-EBE5-4A9E-94B3-E6B5B1202EA0}.Debug|Any CPU.ActiveCfg = Debug|Any CPU
		{00332B45-EBE5-4A9E-94B3-E6B5B1202EA0}.Debug|Any CPU.Build.0 = Debug|Any CPU
		{00332B45-EBE5-4A9E-94B3-E6B5B1202EA0}.Release|Any CPU.ActiveCfg = Release|Any CPU
		{00332B45-EBE5-4A9E-94B3-E6B5B1202EA0}.Release|Any CPU.Build.0 = Release|Any CPU
		{02A4DA74-D385-4A85-BDA7-9AECE3322D23}.Debug|Any CPU.ActiveCfg = Debug|Any CPU
		{02A4DA74-D385-4A85-BDA7-9AECE3322D23}.Debug|Any CPU.Build.0 = Debug|Any CPU
		{02A4DA74-D385-4A85-BDA7-9AECE3322D23}.Release|Any CPU.ActiveCfg = Release|Any CPU
		{02A4DA74-D385-4A85-BDA7-9AECE3322D23}.Release|Any CPU.Build.0 = Release|Any CPU
		{AE748927-C553-41F3-904A-5D488CAE6785}.Debug|Any CPU.ActiveCfg = Debug|Any CPU
		{AE748927-C553-41F3-904A-5D488CAE6785}.Debug|Any CPU.Build.0 = Debug|Any CPU
		{AE748927-C553-41F3-904A-5D488CAE6785}.Release|Any CPU.ActiveCfg = Release|Any CPU
		{AE748927-C553-41F3-904A-5D488CAE6785}.Release|Any CPU.Build.0 = Release|Any CPU
		{15DD2F14-1735-4D96-BA90-B57E90BEB545}.Debug|Any CPU.ActiveCfg = Debug|Any CPU
		{15DD2F14-1735-4D96-BA90-B57E90BEB545}.Debug|Any CPU.Build.0 = Debug|Any CPU
		{15DD2F14-1735-4D96-BA90-B57E90BEB545}.Release|Any CPU.ActiveCfg = Release|Any CPU
		{15DD2F14-1735-4D96-BA90-B57E90BEB545}.Release|Any CPU.Build.0 = Release|Any CPU
		{4BA4EFD7-B65D-4C9C-8B39-85D6157D4CF5}.Debug|Any CPU.ActiveCfg = Debug|Any CPU
		{4BA4EFD7-B65D-4C9C-8B39-85D6157D4CF5}.Debug|Any CPU.Build.0 = Debug|Any CPU
		{4BA4EFD7-B65D-4C9C-8B39-85D6157D4CF5}.Release|Any CPU.ActiveCfg = Release|Any CPU
		{4BA4EFD7-B65D-4C9C-8B39-85D6157D4CF5}.Release|Any CPU.Build.0 = Release|Any CPU
		{8EE59516-232A-4A61-982A-F67A7F1360E7}.Debug|Any CPU.ActiveCfg = Debug|Any CPU
		{8EE59516-232A-4A61-982A-F67A7F1360E7}.Debug|Any CPU.Build.0 = Debug|Any CPU
		{8EE59516-232A-4A61-982A-F67A7F1360E7}.Release|Any CPU.ActiveCfg = Release|Any CPU
		{8EE59516-232A-4A61-982A-F67A7F1360E7}.Release|Any CPU.Build.0 = Release|Any CPU
		{62C3B090-EF4F-46C8-AD2E-2310B148EB3D}.Debug|Any CPU.ActiveCfg = Debug|Any CPU
		{62C3B090-EF4F-46C8-AD2E-2310B148EB3D}.Debug|Any CPU.Build.0 = Debug|Any CPU
		{62C3B090-EF4F-46C8-AD2E-2310B148EB3D}.Release|Any CPU.ActiveCfg = Release|Any CPU
		{62C3B090-EF4F-46C8-AD2E-2310B148EB3D}.Release|Any CPU.Build.0 = Release|Any CPU
	EndGlobalSection
	GlobalSection(SolutionProperties) = preSolution
		HideSolutionNode = FALSE
	EndGlobalSection
	GlobalSection(ExtensibilityGlobals) = postSolution
		SolutionGuid = {D0DA10C9-9975-46AF-9F2B-415FCC95DDD4}
	EndGlobalSection
EndGlobal
